// !$*UTF8*$!
{
	archiveVersion = 1;
	classes = {
	};
	objectVersion = 55;
	objects = {

/* Begin PBXBuildFile section */
		22A797EB2837B16E00747FFA /* FriendCell.swift in Sources */ = {isa = PBXBuildFile; fileRef = 22A797EA2837B16D00747FFA /* FriendCell.swift */; };
		22B5B16B2820787B0070B9FF /* AppDelegate.swift in Sources */ = {isa = PBXBuildFile; fileRef = 22B5B16A2820787B0070B9FF /* AppDelegate.swift */; };
		22B5B16D2820787B0070B9FF /* SceneDelegate.swift in Sources */ = {isa = PBXBuildFile; fileRef = 22B5B16C2820787B0070B9FF /* SceneDelegate.swift */; };
		22B5B16F2820787B0070B9FF /* ViewController.swift in Sources */ = {isa = PBXBuildFile; fileRef = 22B5B16E2820787B0070B9FF /* ViewController.swift */; };
		22B5B1722820787B0070B9FF /* Main.storyboard in Resources */ = {isa = PBXBuildFile; fileRef = 22B5B1702820787B0070B9FF /* Main.storyboard */; };
		22B5B1742820787E0070B9FF /* Assets.xcassets in Resources */ = {isa = PBXBuildFile; fileRef = 22B5B1732820787E0070B9FF /* Assets.xcassets */; };
		22B5B1772820787E0070B9FF /* LaunchScreen.storyboard in Resources */ = {isa = PBXBuildFile; fileRef = 22B5B1752820787E0070B9FF /* LaunchScreen.storyboard */; };
		22C8A1F52837BF590044D6FC /* CommunityCell.swift in Sources */ = {isa = PBXBuildFile; fileRef = 22C8A1F42837BF590044D6FC /* CommunityCell.swift */; };
		22C8A1F72837BFFC0044D6FC /* GlobalCommunityCell.swift in Sources */ = {isa = PBXBuildFile; fileRef = 22C8A1F62837BFFC0044D6FC /* GlobalCommunityCell.swift */; };
		22C8A1F92837C0220044D6FC /* ImageCell.swift in Sources */ = {isa = PBXBuildFile; fileRef = 22C8A1F82837C0220044D6FC /* ImageCell.swift */; };
		22C8A1FC2837D1940044D6FC /* Friend.swift in Sources */ = {isa = PBXBuildFile; fileRef = 22C8A1FB2837D1940044D6FC /* Friend.swift */; };
		22C8A1FE2837D8FC0044D6FC /* Community.swift in Sources */ = {isa = PBXBuildFile; fileRef = 22C8A1FD2837D8FC0044D6FC /* Community.swift */; };
		22F2F396282458A100FD6553 /* FriendsTableViewController.swift in Sources */ = {isa = PBXBuildFile; fileRef = 22F2F395282458A100FD6553 /* FriendsTableViewController.swift */; };
		22F2F39828246C9900FD6553 /* ImagesCollectionViewController.swift in Sources */ = {isa = PBXBuildFile; fileRef = 22F2F39728246C9900FD6553 /* ImagesCollectionViewController.swift */; };
		22F2F39A282470ED00FD6553 /* CommunitiesTableViewController.swift in Sources */ = {isa = PBXBuildFile; fileRef = 22F2F399282470ED00FD6553 /* CommunitiesTableViewController.swift */; };
		22F2F39C2824710F00FD6553 /* GlobalCommunitiesTableViewController.swift in Sources */ = {isa = PBXBuildFile; fileRef = 22F2F39B2824710F00FD6553 /* GlobalCommunitiesTableViewController.swift */; };
/* End PBXBuildFile section */

/* Begin PBXFileReference section */
		22A797EA2837B16D00747FFA /* FriendCell.swift */ = {isa = PBXFileReference; lastKnownFileType = sourcecode.swift; path = FriendCell.swift; sourceTree = "<group>"; };
		22B5B1672820787B0070B9FF /* HomeWork1.app */ = {isa = PBXFileReference; explicitFileType = wrapper.application; includeInIndex = 0; path = HomeWork1.app; sourceTree = BUILT_PRODUCTS_DIR; };
		22B5B16A2820787B0070B9FF /* AppDelegate.swift */ = {isa = PBXFileReference; lastKnownFileType = sourcecode.swift; path = AppDelegate.swift; sourceTree = "<group>"; };
		22B5B16C2820787B0070B9FF /* SceneDelegate.swift */ = {isa = PBXFileReference; lastKnownFileType = sourcecode.swift; path = SceneDelegate.swift; sourceTree = "<group>"; };
		22B5B16E2820787B0070B9FF /* ViewController.swift */ = {isa = PBXFileReference; lastKnownFileType = sourcecode.swift; path = ViewController.swift; sourceTree = "<group>"; };
		22B5B1712820787B0070B9FF /* Base */ = {isa = PBXFileReference; lastKnownFileType = file.storyboard; name = Base; path = Base.lproj/Main.storyboard; sourceTree = "<group>"; };
		22B5B1732820787E0070B9FF /* Assets.xcassets */ = {isa = PBXFileReference; lastKnownFileType = folder.assetcatalog; path = Assets.xcassets; sourceTree = "<group>"; };
		22B5B1762820787E0070B9FF /* Base */ = {isa = PBXFileReference; lastKnownFileType = file.storyboard; name = Base; path = Base.lproj/LaunchScreen.storyboard; sourceTree = "<group>"; };
		22B5B1782820787E0070B9FF /* Info.plist */ = {isa = PBXFileReference; lastKnownFileType = text.plist.xml; path = Info.plist; sourceTree = "<group>"; };
		22C8A1F42837BF590044D6FC /* CommunityCell.swift */ = {isa = PBXFileReference; lastKnownFileType = sourcecode.swift; path = CommunityCell.swift; sourceTree = "<group>"; };
		22C8A1F62837BFFC0044D6FC /* GlobalCommunityCell.swift */ = {isa = PBXFileReference; lastKnownFileType = sourcecode.swift; path = GlobalCommunityCell.swift; sourceTree = "<group>"; };
		22C8A1F82837C0220044D6FC /* ImageCell.swift */ = {isa = PBXFileReference; lastKnownFileType = sourcecode.swift; path = ImageCell.swift; sourceTree = "<group>"; };
		22C8A1FB2837D1940044D6FC /* Friend.swift */ = {isa = PBXFileReference; lastKnownFileType = sourcecode.swift; path = Friend.swift; sourceTree = "<group>"; };
		22C8A1FD2837D8FC0044D6FC /* Community.swift */ = {isa = PBXFileReference; lastKnownFileType = sourcecode.swift; path = Community.swift; sourceTree = "<group>"; };
		22F2F395282458A100FD6553 /* FriendsTableViewController.swift */ = {isa = PBXFileReference; lastKnownFileType = sourcecode.swift; path = FriendsTableViewController.swift; sourceTree = "<group>"; };
		22F2F39728246C9900FD6553 /* ImagesCollectionViewController.swift */ = {isa = PBXFileReference; lastKnownFileType = sourcecode.swift; path = ImagesCollectionViewController.swift; sourceTree = "<group>"; };
		22F2F399282470ED00FD6553 /* CommunitiesTableViewController.swift */ = {isa = PBXFileReference; lastKnownFileType = sourcecode.swift; path = CommunitiesTableViewController.swift; sourceTree = "<group>"; };
		22F2F39B2824710F00FD6553 /* GlobalCommunitiesTableViewController.swift */ = {isa = PBXFileReference; lastKnownFileType = sourcecode.swift; path = GlobalCommunitiesTableViewController.swift; sourceTree = "<group>"; };
/* End PBXFileReference section */

/* Begin PBXFrameworksBuildPhase section */
		22B5B1642820787B0070B9FF /* Frameworks */ = {
			isa = PBXFrameworksBuildPhase;
			buildActionMask = 2147483647;
			files = (
			);
			runOnlyForDeploymentPostprocessing = 0;
		};
/* End PBXFrameworksBuildPhase section */

/* Begin PBXGroup section */
		22B5B15E2820787B0070B9FF = {
			isa = PBXGroup;
			children = (
				22B5B1692820787B0070B9FF /* HomeWork1 */,
				22B5B1682820787B0070B9FF /* Products */,
			);
			sourceTree = "<group>";
		};
		22B5B1682820787B0070B9FF /* Products */ = {
			isa = PBXGroup;
			children = (
				22B5B1672820787B0070B9FF /* HomeWork1.app */,
			);
			name = Products;
			sourceTree = "<group>";
		};
		22B5B1692820787B0070B9FF /* HomeWork1 */ = {
			isa = PBXGroup;
			children = (
				22C8A2032837DBEA0044D6FC /* Help */,
				22C8A2022837DBBB0044D6FC /* Cells */,
				22C8A2012837DB5A0044D6FC /* Models */,
				22C8A2002837DB270044D6FC /* Controllers */,
				22C8A1FF2837DAF10044D6FC /* Resourses */,
				22B5B1782820787E0070B9FF /* Info.plist */,
			);
			path = HomeWork1;
			sourceTree = "<group>";
		};
		22C8A1FF2837DAF10044D6FC /* Resourses */ = {
			isa = PBXGroup;
			children = (
				22B5B1702820787B0070B9FF /* Main.storyboard */,
				22B5B1732820787E0070B9FF /* Assets.xcassets */,
				22B5B1752820787E0070B9FF /* LaunchScreen.storyboard */,
			);
			path = Resourses;
			sourceTree = "<group>";
		};
		22C8A2002837DB270044D6FC /* Controllers */ = {
			isa = PBXGroup;
			children = (
				22B5B16E2820787B0070B9FF /* ViewController.swift */,
				22F2F395282458A100FD6553 /* FriendsTableViewController.swift */,
				22F2F39728246C9900FD6553 /* ImagesCollectionViewController.swift */,
				22F2F399282470ED00FD6553 /* CommunitiesTableViewController.swift */,
				22F2F39B2824710F00FD6553 /* GlobalCommunitiesTableViewController.swift */,
			);
			path = Controllers;
			sourceTree = "<group>";
		};
		22C8A2012837DB5A0044D6FC /* Models */ = {
			isa = PBXGroup;
			children = (
				22C8A1FB2837D1940044D6FC /* Friend.swift */,
				22C8A1FD2837D8FC0044D6FC /* Community.swift */,
			);
			path = Models;
			sourceTree = "<group>";
		};
		22C8A2022837DBBB0044D6FC /* Cells */ = {
			isa = PBXGroup;
			children = (
				22C8A1F62837BFFC0044D6FC /* GlobalCommunityCell.swift */,
				22C8A1F82837C0220044D6FC /* ImageCell.swift */,
				22C8A1F42837BF590044D6FC /* CommunityCell.swift */,
				22A797EA2837B16D00747FFA /* FriendCell.swift */,
			);
			path = Cells;
			sourceTree = "<group>";
		};
		22C8A2032837DBEA0044D6FC /* Help */ = {
			isa = PBXGroup;
			children = (
				22B5B16A2820787B0070B9FF /* AppDelegate.swift */,
				22B5B16C2820787B0070B9FF /* SceneDelegate.swift */,
			);
			path = Help;
			sourceTree = "<group>";
		};
/* End PBXGroup section */

/* Begin PBXNativeTarget section */
		22B5B1662820787B0070B9FF /* HomeWork1 */ = {
			isa = PBXNativeTarget;
			buildConfigurationList = 22B5B17B2820787E0070B9FF /* Build configuration list for PBXNativeTarget "HomeWork1" */;
			buildPhases = (
				22B5B1632820787B0070B9FF /* Sources */,
				22B5B1642820787B0070B9FF /* Frameworks */,
				22B5B1652820787B0070B9FF /* Resources */,
			);
			buildRules = (
			);
			dependencies = (
			);
			name = HomeWork1;
			productName = HomeWork1;
			productReference = 22B5B1672820787B0070B9FF /* HomeWork1.app */;
			productType = "com.apple.product-type.application";
		};
/* End PBXNativeTarget section */

/* Begin PBXProject section */
		22B5B15F2820787B0070B9FF /* Project object */ = {
			isa = PBXProject;
			attributes = {
				BuildIndependentTargetsInParallel = 1;
				LastSwiftUpdateCheck = 1320;
				LastUpgradeCheck = 1320;
				TargetAttributes = {
					22B5B1662820787B0070B9FF = {
						CreatedOnToolsVersion = 13.2.1;
					};
				};
			};
			buildConfigurationList = 22B5B1622820787B0070B9FF /* Build configuration list for PBXProject "HomeWork1" */;
			compatibilityVersion = "Xcode 13.0";
			developmentRegion = en;
			hasScannedForEncodings = 0;
			knownRegions = (
				en,
				Base,
			);
			mainGroup = 22B5B15E2820787B0070B9FF;
			productRefGroup = 22B5B1682820787B0070B9FF /* Products */;
			projectDirPath = "";
			projectRoot = "";
			targets = (
				22B5B1662820787B0070B9FF /* HomeWork1 */,
			);
		};
/* End PBXProject section */

/* Begin PBXResourcesBuildPhase section */
		22B5B1652820787B0070B9FF /* Resources */ = {
			isa = PBXResourcesBuildPhase;
			buildActionMask = 2147483647;
			files = (
				22B5B1772820787E0070B9FF /* LaunchScreen.storyboard in Resources */,
				22B5B1742820787E0070B9FF /* Assets.xcassets in Resources */,
				22B5B1722820787B0070B9FF /* Main.storyboard in Resources */,
			);
			runOnlyForDeploymentPostprocessing = 0;
		};
/* End PBXResourcesBuildPhase section */

/* Begin PBXSourcesBuildPhase section */
		22B5B1632820787B0070B9FF /* Sources */ = {
			isa = PBXSourcesBuildPhase;
			buildActionMask = 2147483647;
			files = (
				22F2F39828246C9900FD6553 /* ImagesCollectionViewController.swift in Sources */,
				22B5B16F2820787B0070B9FF /* ViewController.swift in Sources */,
				22C8A1F92837C0220044D6FC /* ImageCell.swift in Sources */,
				22C8A1FC2837D1940044D6FC /* Friend.swift in Sources */,
				22C8A1F52837BF590044D6FC /* CommunityCell.swift in Sources */,
				22B5B16B2820787B0070B9FF /* AppDelegate.swift in Sources */,
				22A797EB2837B16E00747FFA /* FriendCell.swift in Sources */,
				22F2F396282458A100FD6553 /* FriendsTableViewController.swift in Sources */,
				22B5B16D2820787B0070B9FF /* SceneDelegate.swift in Sources */,
				22F2F39A282470ED00FD6553 /* CommunitiesTableViewController.swift in Sources */,
				22C8A1F72837BFFC0044D6FC /* GlobalCommunityCell.swift in Sources */,
				22C8A1FE2837D8FC0044D6FC /* Community.swift in Sources */,
				22F2F39C2824710F00FD6553 /* GlobalCommunitiesTableViewController.swift in Sources */,
			);
			runOnlyForDeploymentPostprocessing = 0;
		};
/* End PBXSourcesBuildPhase section */

/* Begin PBXVariantGroup section */
		22B5B1702820787B0070B9FF /* Main.storyboard */ = {
			isa = PBXVariantGroup;
			children = (
				22B5B1712820787B0070B9FF /* Base */,
			);
			name = Main.storyboard;
			sourceTree = "<group>";
		};
		22B5B1752820787E0070B9FF /* LaunchScreen.storyboard */ = {
			isa = PBXVariantGroup;
			children = (
				22B5B1762820787E0070B9FF /* Base */,
			);
			name = LaunchScreen.storyboard;
			sourceTree = "<group>";
		};
/* End PBXVariantGroup section */

/* Begin XCBuildConfiguration section */
		22B5B1792820787E0070B9FF /* Debug */ = {
			isa = XCBuildConfiguration;
			buildSettings = {
				ALWAYS_SEARCH_USER_PATHS = NO;
				CLANG_ANALYZER_NONNULL = YES;
				CLANG_ANALYZER_NUMBER_OBJECT_CONVERSION = YES_AGGRESSIVE;
				CLANG_CXX_LANGUAGE_STANDARD = "gnu++17";
				CLANG_CXX_LIBRARY = "libc++";
				CLANG_ENABLE_MODULES = YES;
				CLANG_ENABLE_OBJC_ARC = YES;
				CLANG_ENABLE_OBJC_WEAK = YES;
				CLANG_WARN_BLOCK_CAPTURE_AUTORELEASING = YES;
				CLANG_WARN_BOOL_CONVERSION = YES;
				CLANG_WARN_COMMA = YES;
				CLANG_WARN_CONSTANT_CONVERSION = YES;
				CLANG_WARN_DEPRECATED_OBJC_IMPLEMENTATIONS = YES;
				CLANG_WARN_DIRECT_OBJC_ISA_USAGE = YES_ERROR;
				CLANG_WARN_DOCUMENTATION_COMMENTS = YES;
				CLANG_WARN_EMPTY_BODY = YES;
				CLANG_WARN_ENUM_CONVERSION = YES;
				CLANG_WARN_INFINITE_RECURSION = YES;
				CLANG_WARN_INT_CONVERSION = YES;
				CLANG_WARN_NON_LITERAL_NULL_CONVERSION = YES;
				CLANG_WARN_OBJC_IMPLICIT_RETAIN_SELF = YES;
				CLANG_WARN_OBJC_LITERAL_CONVERSION = YES;
				CLANG_WARN_OBJC_ROOT_CLASS = YES_ERROR;
				CLANG_WARN_QUOTED_INCLUDE_IN_FRAMEWORK_HEADER = YES;
				CLANG_WARN_RANGE_LOOP_ANALYSIS = YES;
				CLANG_WARN_STRICT_PROTOTYPES = YES;
				CLANG_WARN_SUSPICIOUS_MOVE = YES;
				CLANG_WARN_UNGUARDED_AVAILABILITY = YES_AGGRESSIVE;
				CLANG_WARN_UNREACHABLE_CODE = YES;
				CLANG_WARN__DUPLICATE_METHOD_MATCH = YES;
				COPY_PHASE_STRIP = NO;
				DEBUG_INFORMATION_FORMAT = dwarf;
				ENABLE_STRICT_OBJC_MSGSEND = YES;
				ENABLE_TESTABILITY = YES;
				GCC_C_LANGUAGE_STANDARD = gnu11;
				GCC_DYNAMIC_NO_PIC = NO;
				GCC_NO_COMMON_BLOCKS = YES;
				GCC_OPTIMIZATION_LEVEL = 0;
				GCC_PREPROCESSOR_DEFINITIONS = (
					"DEBUG=1",
					"$(inherited)",
				);
				GCC_WARN_64_TO_32_BIT_CONVERSION = YES;
				GCC_WARN_ABOUT_RETURN_TYPE = YES_ERROR;
				GCC_WARN_UNDECLARED_SELECTOR = YES;
				GCC_WARN_UNINITIALIZED_AUTOS = YES_AGGRESSIVE;
				GCC_WARN_UNUSED_FUNCTION = YES;
				GCC_WARN_UNUSED_VARIABLE = YES;
				IPHONEOS_DEPLOYMENT_TARGET = 15.2;
				MTL_ENABLE_DEBUG_INFO = INCLUDE_SOURCE;
				MTL_FAST_MATH = YES;
				ONLY_ACTIVE_ARCH = YES;
				SDKROOT = iphoneos;
				SWIFT_ACTIVE_COMPILATION_CONDITIONS = DEBUG;
				SWIFT_OPTIMIZATION_LEVEL = "-Onone";
			};
			name = Debug;
		};
		22B5B17A2820787E0070B9FF /* Release */ = {
			isa = XCBuildConfiguration;
			buildSettings = {
				ALWAYS_SEARCH_USER_PATHS = NO;
				CLANG_ANALYZER_NONNULL = YES;
				CLANG_ANALYZER_NUMBER_OBJECT_CONVERSION = YES_AGGRESSIVE;
				CLANG_CXX_LANGUAGE_STANDARD = "gnu++17";
				CLANG_CXX_LIBRARY = "libc++";
				CLANG_ENABLE_MODULES = YES;
				CLANG_ENABLE_OBJC_ARC = YES;
				CLANG_ENABLE_OBJC_WEAK = YES;
				CLANG_WARN_BLOCK_CAPTURE_AUTORELEASING = YES;
				CLANG_WARN_BOOL_CONVERSION = YES;
				CLANG_WARN_COMMA = YES;
				CLANG_WARN_CONSTANT_CONVERSION = YES;
				CLANG_WARN_DEPRECATED_OBJC_IMPLEMENTATIONS = YES;
				CLANG_WARN_DIRECT_OBJC_ISA_USAGE = YES_ERROR;
				CLANG_WARN_DOCUMENTATION_COMMENTS = YES;
				CLANG_WARN_EMPTY_BODY = YES;
				CLANG_WARN_ENUM_CONVERSION = YES;
				CLANG_WARN_INFINITE_RECURSION = YES;
				CLANG_WARN_INT_CONVERSION = YES;
				CLANG_WARN_NON_LITERAL_NULL_CONVERSION = YES;
				CLANG_WARN_OBJC_IMPLICIT_RETAIN_SELF = YES;
				CLANG_WARN_OBJC_LITERAL_CONVERSION = YES;
				CLANG_WARN_OBJC_ROOT_CLASS = YES_ERROR;
				CLANG_WARN_QUOTED_INCLUDE_IN_FRAMEWORK_HEADER = YES;
				CLANG_WARN_RANGE_LOOP_ANALYSIS = YES;
				CLANG_WARN_STRICT_PROTOTYPES = YES;
				CLANG_WARN_SUSPICIOUS_MOVE = YES;
				CLANG_WARN_UNGUARDED_AVAILABILITY = YES_AGGRESSIVE;
				CLANG_WARN_UNREACHABLE_CODE = YES;
				CLANG_WARN__DUPLICATE_METHOD_MATCH = YES;
				COPY_PHASE_STRIP = NO;
				DEBUG_INFORMATION_FORMAT = "dwarf-with-dsym";
				ENABLE_NS_ASSERTIONS = NO;
				ENABLE_STRICT_OBJC_MSGSEND = YES;
				GCC_C_LANGUAGE_STANDARD = gnu11;
				GCC_NO_COMMON_BLOCKS = YES;
				GCC_WARN_64_TO_32_BIT_CONVERSION = YES;
				GCC_WARN_ABOUT_RETURN_TYPE = YES_ERROR;
				GCC_WARN_UNDECLARED_SELECTOR = YES;
				GCC_WARN_UNINITIALIZED_AUTOS = YES_AGGRESSIVE;
				GCC_WARN_UNUSED_FUNCTION = YES;
				GCC_WARN_UNUSED_VARIABLE = YES;
				IPHONEOS_DEPLOYMENT_TARGET = 15.2;
				MTL_ENABLE_DEBUG_INFO = NO;
				MTL_FAST_MATH = YES;
				SDKROOT = iphoneos;
				SWIFT_COMPILATION_MODE = wholemodule;
				SWIFT_OPTIMIZATION_LEVEL = "-O";
				VALIDATE_PRODUCT = YES;
			};
			name = Release;
		};
		22B5B17C2820787E0070B9FF /* Debug */ = {
			isa = XCBuildConfiguration;
			buildSettings = {
				ASSETCATALOG_COMPILER_APPICON_NAME = AppIcon;
				ASSETCATALOG_COMPILER_GLOBAL_ACCENT_COLOR_NAME = AccentColor;
				CODE_SIGN_STYLE = Automatic;
				CURRENT_PROJECT_VERSION = 1;
				DEVELOPMENT_TEAM = L6Q4RL57JT;
				GENERATE_INFOPLIST_FILE = YES;
				INFOPLIST_FILE = HomeWork1/Info.plist;
				INFOPLIST_KEY_UIApplicationSupportsIndirectInputEvents = YES;
				INFOPLIST_KEY_UILaunchStoryboardName = LaunchScreen;
				INFOPLIST_KEY_UIMainStoryboardFile = Main;
				INFOPLIST_KEY_UISupportedInterfaceOrientations_iPad = "UIInterfaceOrientationPortrait UIInterfaceOrientationPortraitUpsideDown UIInterfaceOrientationLandscapeLeft UIInterfaceOrientationLandscapeRight";
				INFOPLIST_KEY_UISupportedInterfaceOrientations_iPhone = "UIInterfaceOrientationPortrait UIInterfaceOrientationLandscapeLeft UIInterfaceOrientationLandscapeRight";
				LD_RUNPATH_SEARCH_PATHS = (
					"$(inherited)",
					"@executable_path/Frameworks",
				);
				MARKETING_VERSION = 1.0;
				PRODUCT_BUNDLE_IDENTIFIER = A.HomeWork1;
				PRODUCT_NAME = "$(TARGET_NAME)";
				SWIFT_EMIT_LOC_STRINGS = YES;
				SWIFT_VERSION = 5.0;
				TARGETED_DEVICE_FAMILY = "1,2";
			};
			name = Debug;
		};
		22B5B17D2820787E0070B9FF /* Release */ = {
			isa = XCBuildConfiguration;
			buildSettings = {
				ASSETCATALOG_COMPILER_APPICON_NAME = AppIcon;
				ASSETCATALOG_COMPILER_GLOBAL_ACCENT_COLOR_NAME = AccentColor;
				CODE_SIGN_STYLE = Automatic;
				CURRENT_PROJECT_VERSION = 1;
				DEVELOPMENT_TEAM = L6Q4RL57JT;
				GENERATE_INFOPLIST_FILE = YES;
				INFOPLIST_FILE = HomeWork1/Info.plist;
				INFOPLIST_KEY_UIApplicationSupportsIndirectInputEvents = YES;
				INFOPLIST_KEY_UILaunchStoryboardName = LaunchScreen;
				INFOPLIST_KEY_UIMainStoryboardFile = Main;
				INFOPLIST_KEY_UISupportedInterfaceOrientations_iPad = "UIInterfaceOrientationPortrait UIInterfaceOrientationPortraitUpsideDown UIInterfaceOrientationLandscapeLeft UIInterfaceOrientationLandscapeRight";
				INFOPLIST_KEY_UISupportedInterfaceOrientations_iPhone = "UIInterfaceOrientationPortrait UIInterfaceOrientationLandscapeLeft UIInterfaceOrientationLandscapeRight";
				LD_RUNPATH_SEARCH_PATHS = (
					"$(inherited)",
					"@executable_path/Frameworks",
				);
				MARKETING_VERSION = 1.0;
				PRODUCT_BUNDLE_IDENTIFIER = A.HomeWork1;
				PRODUCT_NAME = "$(TARGET_NAME)";
				SWIFT_EMIT_LOC_STRINGS = YES;
				SWIFT_VERSION = 5.0;
				TARGETED_DEVICE_FAMILY = "1,2";
			};
			name = Release;
		};
/* End XCBuildConfiguration section */

/* Begin XCConfigurationList section */
		22B5B1622820787B0070B9FF /* Build configuration list for PBXProject "HomeWork1" */ = {
			isa = XCConfigurationList;
			buildConfigurations = (
				22B5B1792820787E0070B9FF /* Debug */,
				22B5B17A2820787E0070B9FF /* Release */,
			);
			defaultConfigurationIsVisible = 0;
			defaultConfigurationName = Release;
		};
		22B5B17B2820787E0070B9FF /* Build configuration list for PBXNativeTarget "HomeWork1" */ = {
			isa = XCConfigurationList;
			buildConfigurations = (
				22B5B17C2820787E0070B9FF /* Debug */,
				22B5B17D2820787E0070B9FF /* Release */,
			);
			defaultConfigurationIsVisible = 0;
			defaultConfigurationName = Release;
		};
/* End XCConfigurationList section */
	};
	rootObject = 22B5B15F2820787B0070B9FF /* Project object */;
}
